// !$*UTF8*$!
{
	archiveVersion = 1;
	classes = {
	};
	objectVersion = 55;
	objects = {

/* Begin PBXBuildFile section */
		3D068B9B285A587300E5A2CF /* MainViewModel.swift in Sources */ = {isa = PBXBuildFile; fileRef = 3D068B9A285A587300E5A2CF /* MainViewModel.swift */; };
		3D068B9C285A587300E5A2CF /* MainViewModel.swift in Sources */ = {isa = PBXBuildFile; fileRef = 3D068B9A285A587300E5A2CF /* MainViewModel.swift */; };
		3D068B9E285A681300E5A2CF /* TotalDataView.swift in Sources */ = {isa = PBXBuildFile; fileRef = 3D068B9D285A681300E5A2CF /* TotalDataView.swift */; };
		3D068B9F285A681300E5A2CF /* TotalDataView.swift in Sources */ = {isa = PBXBuildFile; fileRef = 3D068B9D285A681300E5A2CF /* TotalDataView.swift */; };
		3D068BA1285A687100E5A2CF /* DataCardView.swift in Sources */ = {isa = PBXBuildFile; fileRef = 3D068BA0285A687100E5A2CF /* DataCardView.swift */; };
		3D068BA2285A687100E5A2CF /* DataCardView.swift in Sources */ = {isa = PBXBuildFile; fileRef = 3D068BA0285A687100E5A2CF /* DataCardView.swift */; };
		3D068BA4285A726800E5A2CF /* Extension+Int.swift in Sources */ = {isa = PBXBuildFile; fileRef = 3D068BA3285A726800E5A2CF /* Extension+Int.swift */; };
		3D068BA5285A726800E5A2CF /* Extension+Int.swift in Sources */ = {isa = PBXBuildFile; fileRef = 3D068BA3285A726800E5A2CF /* Extension+Int.swift */; };
		3D3776DB2860BDCE005EF221 /* SearchBarView.swift in Sources */ = {isa = PBXBuildFile; fileRef = 3D3776DA2860BDCE005EF221 /* SearchBarView.swift */; };
		3D3776DC2860BDCE005EF221 /* SearchBarView.swift in Sources */ = {isa = PBXBuildFile; fileRef = 3D3776DA2860BDCE005EF221 /* SearchBarView.swift */; };
		3D3776DE2860C4A2005EF221 /* CountryDetailView.swift in Sources */ = {isa = PBXBuildFile; fileRef = 3D3776DD2860C4A2005EF221 /* CountryDetailView.swift */; };
		3D3776DF2860C4A2005EF221 /* CountryDetailView.swift in Sources */ = {isa = PBXBuildFile; fileRef = 3D3776DD2860C4A2005EF221 /* CountryDetailView.swift */; };
		3D3776E22860C59B005EF221 /* CountryDetailViewModel.swift in Sources */ = {isa = PBXBuildFile; fileRef = 3D3776E12860C59B005EF221 /* CountryDetailViewModel.swift */; };
		3D3776E32860C59B005EF221 /* CountryDetailViewModel.swift in Sources */ = {isa = PBXBuildFile; fileRef = 3D3776E12860C59B005EF221 /* CountryDetailViewModel.swift */; };
		3D3776E62860D2D2005EF221 /* ReportView.swift in Sources */ = {isa = PBXBuildFile; fileRef = 3D3776E52860D2D2005EF221 /* ReportView.swift */; };
		3D3776E72860D2D2005EF221 /* ReportView.swift in Sources */ = {isa = PBXBuildFile; fileRef = 3D3776E52860D2D2005EF221 /* ReportView.swift */; };
		3D6D56EF2862163100FAA305 /* LocalFileManager.swift in Sources */ = {isa = PBXBuildFile; fileRef = 3D6D56EE2862163100FAA305 /* LocalFileManager.swift */; };
		3D6D56F02862163100FAA305 /* LocalFileManager.swift in Sources */ = {isa = PBXBuildFile; fileRef = 3D6D56EE2862163100FAA305 /* LocalFileManager.swift */; };
		3D6D56F22862507000FAA305 /* AlertItem.swift in Sources */ = {isa = PBXBuildFile; fileRef = 3D6D56F12862507000FAA305 /* AlertItem.swift */; };
		3D6D56F32862507000FAA305 /* AlertItem.swift in Sources */ = {isa = PBXBuildFile; fileRef = 3D6D56F12862507000FAA305 /* AlertItem.swift */; };
		3D8B64DC2858EDBD006C36CE /* CovidStatsApp.swift in Sources */ = {isa = PBXBuildFile; fileRef = 3D8B64CC2858EDBC006C36CE /* CovidStatsApp.swift */; };
		3D8B64DD2858EDBD006C36CE /* CovidStatsApp.swift in Sources */ = {isa = PBXBuildFile; fileRef = 3D8B64CC2858EDBC006C36CE /* CovidStatsApp.swift */; };
		3D8B64DE2858EDBD006C36CE /* MainView.swift in Sources */ = {isa = PBXBuildFile; fileRef = 3D8B64CD2858EDBC006C36CE /* MainView.swift */; };
		3D8B64DF2858EDBD006C36CE /* MainView.swift in Sources */ = {isa = PBXBuildFile; fileRef = 3D8B64CD2858EDBC006C36CE /* MainView.swift */; };
		3D8B64E02858EDBD006C36CE /* Assets.xcassets in Resources */ = {isa = PBXBuildFile; fileRef = 3D8B64CE2858EDBD006C36CE /* Assets.xcassets */; };
		3D8B64E12858EDBD006C36CE /* Assets.xcassets in Resources */ = {isa = PBXBuildFile; fileRef = 3D8B64CE2858EDBD006C36CE /* Assets.xcassets */; };
		3D8B64EB2858EE2D006C36CE /* APIService.swift in Sources */ = {isa = PBXBuildFile; fileRef = 3D8B64EA2858EE2D006C36CE /* APIService.swift */; };
		3D8B64EC2858EE2D006C36CE /* APIService.swift in Sources */ = {isa = PBXBuildFile; fileRef = 3D8B64EA2858EE2D006C36CE /* APIService.swift */; };
		3D8B64EF2858F4A9006C36CE /* TotalData.swift in Sources */ = {isa = PBXBuildFile; fileRef = 3D8B64EE2858F4A9006C36CE /* TotalData.swift */; };
		3D8B64F02858F4A9006C36CE /* TotalData.swift in Sources */ = {isa = PBXBuildFile; fileRef = 3D8B64EE2858F4A9006C36CE /* TotalData.swift */; };
		3D8B64F228590BC4006C36CE /* CustomError.swift in Sources */ = {isa = PBXBuildFile; fileRef = 3D8B64F128590BC4006C36CE /* CustomError.swift */; };
		3D8B64F328590BC4006C36CE /* CustomError.swift in Sources */ = {isa = PBXBuildFile; fileRef = 3D8B64F128590BC4006C36CE /* CustomError.swift */; };
		3D8B64F528592CD0006C36CE /* Region.swift in Sources */ = {isa = PBXBuildFile; fileRef = 3D8B64F428592CD0006C36CE /* Region.swift */; };
		3D8B64F628592CD0006C36CE /* Region.swift in Sources */ = {isa = PBXBuildFile; fileRef = 3D8B64F428592CD0006C36CE /* Region.swift */; };
		3D8B64F8285937A9006C36CE /* Report.swift in Sources */ = {isa = PBXBuildFile; fileRef = 3D8B64F7285937A9006C36CE /* Report.swift */; };
		3D8B64F9285937A9006C36CE /* Report.swift in Sources */ = {isa = PBXBuildFile; fileRef = 3D8B64F7285937A9006C36CE /* Report.swift */; };
/* End PBXBuildFile section */

/* Begin PBXFileReference section */
		3D068B9A285A587300E5A2CF /* MainViewModel.swift */ = {isa = PBXFileReference; lastKnownFileType = sourcecode.swift; path = MainViewModel.swift; sourceTree = "<group>"; };
		3D068B9D285A681300E5A2CF /* TotalDataView.swift */ = {isa = PBXFileReference; lastKnownFileType = sourcecode.swift; path = TotalDataView.swift; sourceTree = "<group>"; };
		3D068BA0285A687100E5A2CF /* DataCardView.swift */ = {isa = PBXFileReference; lastKnownFileType = sourcecode.swift; path = DataCardView.swift; sourceTree = "<group>"; };
		3D068BA3285A726800E5A2CF /* Extension+Int.swift */ = {isa = PBXFileReference; lastKnownFileType = sourcecode.swift; path = "Extension+Int.swift"; sourceTree = "<group>"; };
		3D3776DA2860BDCE005EF221 /* SearchBarView.swift */ = {isa = PBXFileReference; lastKnownFileType = sourcecode.swift; path = SearchBarView.swift; sourceTree = "<group>"; };
		3D3776DD2860C4A2005EF221 /* CountryDetailView.swift */ = {isa = PBXFileReference; lastKnownFileType = sourcecode.swift; path = CountryDetailView.swift; sourceTree = "<group>"; };
		3D3776E12860C59B005EF221 /* CountryDetailViewModel.swift */ = {isa = PBXFileReference; lastKnownFileType = sourcecode.swift; path = CountryDetailViewModel.swift; sourceTree = "<group>"; };
		3D3776E52860D2D2005EF221 /* ReportView.swift */ = {isa = PBXFileReference; lastKnownFileType = sourcecode.swift; path = ReportView.swift; sourceTree = "<group>"; };
		3D6D56EE2862163100FAA305 /* LocalFileManager.swift */ = {isa = PBXFileReference; lastKnownFileType = sourcecode.swift; path = LocalFileManager.swift; sourceTree = "<group>"; };
		3D6D56F12862507000FAA305 /* AlertItem.swift */ = {isa = PBXFileReference; lastKnownFileType = sourcecode.swift; path = AlertItem.swift; sourceTree = "<group>"; };
		3D8B64CC2858EDBC006C36CE /* CovidStatsApp.swift */ = {isa = PBXFileReference; lastKnownFileType = sourcecode.swift; path = CovidStatsApp.swift; sourceTree = "<group>"; };
		3D8B64CD2858EDBC006C36CE /* MainView.swift */ = {isa = PBXFileReference; lastKnownFileType = sourcecode.swift; path = MainView.swift; sourceTree = "<group>"; };
		3D8B64CE2858EDBD006C36CE /* Assets.xcassets */ = {isa = PBXFileReference; lastKnownFileType = folder.assetcatalog; path = Assets.xcassets; sourceTree = "<group>"; };
		3D8B64D32858EDBD006C36CE /* CovidStats.app */ = {isa = PBXFileReference; explicitFileType = wrapper.application; includeInIndex = 0; path = CovidStats.app; sourceTree = BUILT_PRODUCTS_DIR; };
		3D8B64D92858EDBD006C36CE /* CovidStats.app */ = {isa = PBXFileReference; explicitFileType = wrapper.application; includeInIndex = 0; path = CovidStats.app; sourceTree = BUILT_PRODUCTS_DIR; };
		3D8B64DB2858EDBD006C36CE /* macOS.entitlements */ = {isa = PBXFileReference; lastKnownFileType = text.plist.entitlements; path = macOS.entitlements; sourceTree = "<group>"; };
		3D8B64EA2858EE2D006C36CE /* APIService.swift */ = {isa = PBXFileReference; lastKnownFileType = sourcecode.swift; path = APIService.swift; sourceTree = "<group>"; };
		3D8B64EE2858F4A9006C36CE /* TotalData.swift */ = {isa = PBXFileReference; lastKnownFileType = sourcecode.swift; path = TotalData.swift; sourceTree = "<group>"; };
		3D8B64F128590BC4006C36CE /* CustomError.swift */ = {isa = PBXFileReference; lastKnownFileType = sourcecode.swift; path = CustomError.swift; sourceTree = "<group>"; };
		3D8B64F428592CD0006C36CE /* Region.swift */ = {isa = PBXFileReference; lastKnownFileType = sourcecode.swift; path = Region.swift; sourceTree = "<group>"; };
		3D8B64F7285937A9006C36CE /* Report.swift */ = {isa = PBXFileReference; lastKnownFileType = sourcecode.swift; path = Report.swift; sourceTree = "<group>"; };
/* End PBXFileReference section */

/* Begin PBXFrameworksBuildPhase section */
		3D8B64D02858EDBD006C36CE /* Frameworks */ = {
			isa = PBXFrameworksBuildPhase;
			buildActionMask = 2147483647;
			files = (
			);
			runOnlyForDeploymentPostprocessing = 0;
		};
		3D8B64D62858EDBD006C36CE /* Frameworks */ = {
			isa = PBXFrameworksBuildPhase;
			buildActionMask = 2147483647;
			files = (
			);
			runOnlyForDeploymentPostprocessing = 0;
		};
/* End PBXFrameworksBuildPhase section */

/* Begin PBXGroup section */
		3D068B97285A383800E5A2CF /* Model */ = {
			isa = PBXGroup;
			children = (
				3D8B64EE2858F4A9006C36CE /* TotalData.swift */,
				3D8B64F7285937A9006C36CE /* Report.swift */,
				3D8B64F428592CD0006C36CE /* Region.swift */,
			);
			path = Model;
			sourceTree = "<group>";
		};
		3D068B98285A388100E5A2CF /* Networking */ = {
			isa = PBXGroup;
			children = (
				3D8B64EA2858EE2D006C36CE /* APIService.swift */,
				3D6D56EE2862163100FAA305 /* LocalFileManager.swift */,
			);
			path = Networking;
			sourceTree = "<group>";
		};
		3D068B99285A38B700E5A2CF /* Errors */ = {
			isa = PBXGroup;
			children = (
				3D8B64F128590BC4006C36CE /* CustomError.swift */,
				3D6D56F12862507000FAA305 /* AlertItem.swift */,
			);
			path = Errors;
			sourceTree = "<group>";
		};
		3D3776D82860BD06005EF221 /* Extension */ = {
			isa = PBXGroup;
			children = (
				3D068BA3285A726800E5A2CF /* Extension+Int.swift */,
			);
			path = Extension;
			sourceTree = "<group>";
		};
		3D3776D92860BD91005EF221 /* Views */ = {
			isa = PBXGroup;
			children = (
				3D068B9D285A681300E5A2CF /* TotalDataView.swift */,
				3D3776DA2860BDCE005EF221 /* SearchBarView.swift */,
				3D068BA0285A687100E5A2CF /* DataCardView.swift */,
				3D3776E52860D2D2005EF221 /* ReportView.swift */,
			);
			path = Views;
			sourceTree = "<group>";
		};
		3D3776E02860C4C0005EF221 /* MainViews */ = {
			isa = PBXGroup;
			children = (
				3D8B64CD2858EDBC006C36CE /* MainView.swift */,
				3D068B9A285A587300E5A2CF /* MainViewModel.swift */,
			);
			path = MainViews;
			sourceTree = "<group>";
		};
		3D3776E42860C67F005EF221 /* CountryDetailViews */ = {
			isa = PBXGroup;
			children = (
				3D3776DD2860C4A2005EF221 /* CountryDetailView.swift */,
				3D3776E12860C59B005EF221 /* CountryDetailViewModel.swift */,
			);
			path = CountryDetailViews;
			sourceTree = "<group>";
		};
		3D8B64C62858EDBB006C36CE = {
			isa = PBXGroup;
			children = (
				3D8B64CB2858EDBC006C36CE /* Shared */,
				3D8B64DA2858EDBD006C36CE /* macOS */,
				3D8B64D42858EDBD006C36CE /* Products */,
			);
			sourceTree = "<group>";
		};
		3D8B64CB2858EDBC006C36CE /* Shared */ = {
			isa = PBXGroup;
			children = (
				3D8B64CC2858EDBC006C36CE /* CovidStatsApp.swift */,
				3D3776E02860C4C0005EF221 /* MainViews */,
				3D3776E42860C67F005EF221 /* CountryDetailViews */,
				3D3776D92860BD91005EF221 /* Views */,
				3D068B98285A388100E5A2CF /* Networking */,
				3D068B97285A383800E5A2CF /* Model */,
				3D3776D82860BD06005EF221 /* Extension */,
				3D068B99285A38B700E5A2CF /* Errors */,
				3D8B64CE2858EDBD006C36CE /* Assets.xcassets */,
			);
			path = Shared;
			sourceTree = "<group>";
		};
		3D8B64D42858EDBD006C36CE /* Products */ = {
			isa = PBXGroup;
			children = (
				3D8B64D32858EDBD006C36CE /* CovidStats.app */,
				3D8B64D92858EDBD006C36CE /* CovidStats.app */,
			);
			name = Products;
			sourceTree = "<group>";
		};
		3D8B64DA2858EDBD006C36CE /* macOS */ = {
			isa = PBXGroup;
			children = (
				3D8B64DB2858EDBD006C36CE /* macOS.entitlements */,
			);
			path = macOS;
			sourceTree = "<group>";
		};
/* End PBXGroup section */

/* Begin PBXNativeTarget section */
		3D8B64D22858EDBD006C36CE /* CovidStats (iOS) */ = {
			isa = PBXNativeTarget;
			buildConfigurationList = 3D8B64E42858EDBD006C36CE /* Build configuration list for PBXNativeTarget "CovidStats (iOS)" */;
			buildPhases = (
				3D8B64CF2858EDBD006C36CE /* Sources */,
				3D8B64D02858EDBD006C36CE /* Frameworks */,
				3D8B64D12858EDBD006C36CE /* Resources */,
			);
			buildRules = (
			);
			dependencies = (
			);
			name = "CovidStats (iOS)";
			packageProductDependencies = (
			);
			productName = "CovidStats (iOS)";
			productReference = 3D8B64D32858EDBD006C36CE /* CovidStats.app */;
			productType = "com.apple.product-type.application";
		};
		3D8B64D82858EDBD006C36CE /* CovidStats (macOS) */ = {
			isa = PBXNativeTarget;
			buildConfigurationList = 3D8B64E72858EDBD006C36CE /* Build configuration list for PBXNativeTarget "CovidStats (macOS)" */;
			buildPhases = (
				3D8B64D52858EDBD006C36CE /* Sources */,
				3D8B64D62858EDBD006C36CE /* Frameworks */,
				3D8B64D72858EDBD006C36CE /* Resources */,
			);
			buildRules = (
			);
			dependencies = (
			);
			name = "CovidStats (macOS)";
			productName = "CovidStats (macOS)";
			productReference = 3D8B64D92858EDBD006C36CE /* CovidStats.app */;
			productType = "com.apple.product-type.application";
		};
/* End PBXNativeTarget section */

/* Begin PBXProject section */
		3D8B64C72858EDBB006C36CE /* Project object */ = {
			isa = PBXProject;
			attributes = {
				BuildIndependentTargetsInParallel = 1;
				LastSwiftUpdateCheck = 1340;
				LastUpgradeCheck = 1340;
				TargetAttributes = {
					3D8B64D22858EDBD006C36CE = {
						CreatedOnToolsVersion = 13.4.1;
					};
					3D8B64D82858EDBD006C36CE = {
						CreatedOnToolsVersion = 13.4.1;
					};
				};
			};
			buildConfigurationList = 3D8B64CA2858EDBB006C36CE /* Build configuration list for PBXProject "CovidStats" */;
			compatibilityVersion = "Xcode 13.0";
			developmentRegion = en;
			hasScannedForEncodings = 0;
			knownRegions = (
				en,
				Base,
			);
			mainGroup = 3D8B64C62858EDBB006C36CE;
			packageReferences = (
			);
			productRefGroup = 3D8B64D42858EDBD006C36CE /* Products */;
			projectDirPath = "";
			projectRoot = "";
			targets = (
				3D8B64D22858EDBD006C36CE /* CovidStats (iOS) */,
				3D8B64D82858EDBD006C36CE /* CovidStats (macOS) */,
			);
		};
/* End PBXProject section */

/* Begin PBXResourcesBuildPhase section */
		3D8B64D12858EDBD006C36CE /* Resources */ = {
			isa = PBXResourcesBuildPhase;
			buildActionMask = 2147483647;
			files = (
				3D8B64E02858EDBD006C36CE /* Assets.xcassets in Resources */,
			);
			runOnlyForDeploymentPostprocessing = 0;
		};
		3D8B64D72858EDBD006C36CE /* Resources */ = {
			isa = PBXResourcesBuildPhase;
			buildActionMask = 2147483647;
			files = (
				3D8B64E12858EDBD006C36CE /* Assets.xcassets in Resources */,
			);
			runOnlyForDeploymentPostprocessing = 0;
		};
/* End PBXResourcesBuildPhase section */

/* Begin PBXSourcesBuildPhase section */
		3D8B64CF2858EDBD006C36CE /* Sources */ = {
			isa = PBXSourcesBuildPhase;
			buildActionMask = 2147483647;
			files = (
				3D3776E22860C59B005EF221 /* CountryDetailViewModel.swift in Sources */,
				3D068BA4285A726800E5A2CF /* Extension+Int.swift in Sources */,
				3D8B64F228590BC4006C36CE /* CustomError.swift in Sources */,
				3D6D56EF2862163100FAA305 /* LocalFileManager.swift in Sources */,
				3D3776DE2860C4A2005EF221 /* CountryDetailView.swift in Sources */,
				3D8B64EF2858F4A9006C36CE /* TotalData.swift in Sources */,
				3D6D56F22862507000FAA305 /* AlertItem.swift in Sources */,
				3D068BA1285A687100E5A2CF /* DataCardView.swift in Sources */,
				3D8B64F8285937A9006C36CE /* Report.swift in Sources */,
				3D8B64DE2858EDBD006C36CE /* MainView.swift in Sources */,
				3D8B64F528592CD0006C36CE /* Region.swift in Sources */,
				3D3776DB2860BDCE005EF221 /* SearchBarView.swift in Sources */,
				3D8B64EB2858EE2D006C36CE /* APIService.swift in Sources */,
				3D3776E62860D2D2005EF221 /* ReportView.swift in Sources */,
				3D8B64DC2858EDBD006C36CE /* CovidStatsApp.swift in Sources */,
				3D068B9B285A587300E5A2CF /* MainViewModel.swift in Sources */,
				3D068B9E285A681300E5A2CF /* TotalDataView.swift in Sources */,
			);
			runOnlyForDeploymentPostprocessing = 0;
		};
		3D8B64D52858EDBD006C36CE /* Sources */ = {
			isa = PBXSourcesBuildPhase;
			buildActionMask = 2147483647;
			files = (
				3D3776E32860C59B005EF221 /* CountryDetailViewModel.swift in Sources */,
				3D068BA5285A726800E5A2CF /* Extension+Int.swift in Sources */,
				3D8B64F328590BC4006C36CE /* CustomError.swift in Sources */,
				3D6D56F02862163100FAA305 /* LocalFileManager.swift in Sources */,
				3D3776DF2860C4A2005EF221 /* CountryDetailView.swift in Sources */,
				3D8B64F02858F4A9006C36CE /* TotalData.swift in Sources */,
				3D6D56F32862507000FAA305 /* AlertItem.swift in Sources */,
				3D068BA2285A687100E5A2CF /* DataCardView.swift in Sources */,
				3D8B64F9285937A9006C36CE /* Report.swift in Sources */,
				3D8B64DF2858EDBD006C36CE /* MainView.swift in Sources */,
				3D8B64F628592CD0006C36CE /* Region.swift in Sources */,
				3D3776DC2860BDCE005EF221 /* SearchBarView.swift in Sources */,
				3D8B64EC2858EE2D006C36CE /* APIService.swift in Sources */,
				3D3776E72860D2D2005EF221 /* ReportView.swift in Sources */,
				3D8B64DD2858EDBD006C36CE /* CovidStatsApp.swift in Sources */,
				3D068B9C285A587300E5A2CF /* MainViewModel.swift in Sources */,
				3D068B9F285A681300E5A2CF /* TotalDataView.swift in Sources */,
			);
			runOnlyForDeploymentPostprocessing = 0;
		};
/* End PBXSourcesBuildPhase section */

/* Begin XCBuildConfiguration section */
		3D8B64E22858EDBD006C36CE /* Debug */ = {
			isa = XCBuildConfiguration;
			buildSettings = {
				ALWAYS_SEARCH_USER_PATHS = NO;
				CLANG_ANALYZER_NONNULL = YES;
				CLANG_ANALYZER_NUMBER_OBJECT_CONVERSION = YES_AGGRESSIVE;
				CLANG_CXX_LANGUAGE_STANDARD = "gnu++17";
				CLANG_ENABLE_MODULES = YES;
				CLANG_ENABLE_OBJC_ARC = YES;
				CLANG_ENABLE_OBJC_WEAK = YES;
				CLANG_WARN_BLOCK_CAPTURE_AUTORELEASING = YES;
				CLANG_WARN_BOOL_CONVERSION = YES;
				CLANG_WARN_COMMA = YES;
				CLANG_WARN_CONSTANT_CONVERSION = YES;
				CLANG_WARN_DEPRECATED_OBJC_IMPLEMENTATIONS = YES;
				CLANG_WARN_DIRECT_OBJC_ISA_USAGE = YES_ERROR;
				CLANG_WARN_DOCUMENTATION_COMMENTS = YES;
				CLANG_WARN_EMPTY_BODY = YES;
				CLANG_WARN_ENUM_CONVERSION = YES;
				CLANG_WARN_INFINITE_RECURSION = YES;
				CLANG_WARN_INT_CONVERSION = YES;
				CLANG_WARN_NON_LITERAL_NULL_CONVERSION = YES;
				CLANG_WARN_OBJC_IMPLICIT_RETAIN_SELF = YES;
				CLANG_WARN_OBJC_LITERAL_CONVERSION = YES;
				CLANG_WARN_OBJC_ROOT_CLASS = YES_ERROR;
				CLANG_WARN_QUOTED_INCLUDE_IN_FRAMEWORK_HEADER = YES;
				CLANG_WARN_RANGE_LOOP_ANALYSIS = YES;
				CLANG_WARN_STRICT_PROTOTYPES = YES;
				CLANG_WARN_SUSPICIOUS_MOVE = YES;
				CLANG_WARN_UNGUARDED_AVAILABILITY = YES_AGGRESSIVE;
				CLANG_WARN_UNREACHABLE_CODE = YES;
				CLANG_WARN__DUPLICATE_METHOD_MATCH = YES;
				COPY_PHASE_STRIP = NO;
				DEBUG_INFORMATION_FORMAT = dwarf;
				ENABLE_STRICT_OBJC_MSGSEND = YES;
				ENABLE_TESTABILITY = YES;
				GCC_C_LANGUAGE_STANDARD = gnu11;
				GCC_DYNAMIC_NO_PIC = NO;
				GCC_NO_COMMON_BLOCKS = YES;
				GCC_OPTIMIZATION_LEVEL = 0;
				GCC_PREPROCESSOR_DEFINITIONS = (
					"DEBUG=1",
					"$(inherited)",
				);
				GCC_WARN_64_TO_32_BIT_CONVERSION = YES;
				GCC_WARN_ABOUT_RETURN_TYPE = YES_ERROR;
				GCC_WARN_UNDECLARED_SELECTOR = YES;
				GCC_WARN_UNINITIALIZED_AUTOS = YES_AGGRESSIVE;
				GCC_WARN_UNUSED_FUNCTION = YES;
				GCC_WARN_UNUSED_VARIABLE = YES;
				MTL_ENABLE_DEBUG_INFO = INCLUDE_SOURCE;
				MTL_FAST_MATH = YES;
				ONLY_ACTIVE_ARCH = YES;
				SWIFT_ACTIVE_COMPILATION_CONDITIONS = DEBUG;
				SWIFT_OPTIMIZATION_LEVEL = "-Onone";
			};
			name = Debug;
		};
		3D8B64E32858EDBD006C36CE /* Release */ = {
			isa = XCBuildConfiguration;
			buildSettings = {
				ALWAYS_SEARCH_USER_PATHS = NO;
				CLANG_ANALYZER_NONNULL = YES;
				CLANG_ANALYZER_NUMBER_OBJECT_CONVERSION = YES_AGGRESSIVE;
				CLANG_CXX_LANGUAGE_STANDARD = "gnu++17";
				CLANG_ENABLE_MODULES = YES;
				CLANG_ENABLE_OBJC_ARC = YES;
				CLANG_ENABLE_OBJC_WEAK = YES;
				CLANG_WARN_BLOCK_CAPTURE_AUTORELEASING = YES;
				CLANG_WARN_BOOL_CONVERSION = YES;
				CLANG_WARN_COMMA = YES;
				CLANG_WARN_CONSTANT_CONVERSION = YES;
				CLANG_WARN_DEPRECATED_OBJC_IMPLEMENTATIONS = YES;
				CLANG_WARN_DIRECT_OBJC_ISA_USAGE = YES_ERROR;
				CLANG_WARN_DOCUMENTATION_COMMENTS = YES;
				CLANG_WARN_EMPTY_BODY = YES;
				CLANG_WARN_ENUM_CONVERSION = YES;
				CLANG_WARN_INFINITE_RECURSION = YES;
				CLANG_WARN_INT_CONVERSION = YES;
				CLANG_WARN_NON_LITERAL_NULL_CONVERSION = YES;
				CLANG_WARN_OBJC_IMPLICIT_RETAIN_SELF = YES;
				CLANG_WARN_OBJC_LITERAL_CONVERSION = YES;
				CLANG_WARN_OBJC_ROOT_CLASS = YES_ERROR;
				CLANG_WARN_QUOTED_INCLUDE_IN_FRAMEWORK_HEADER = YES;
				CLANG_WARN_RANGE_LOOP_ANALYSIS = YES;
				CLANG_WARN_STRICT_PROTOTYPES = YES;
				CLANG_WARN_SUSPICIOUS_MOVE = YES;
				CLANG_WARN_UNGUARDED_AVAILABILITY = YES_AGGRESSIVE;
				CLANG_WARN_UNREACHABLE_CODE = YES;
				CLANG_WARN__DUPLICATE_METHOD_MATCH = YES;
				COPY_PHASE_STRIP = NO;
				DEBUG_INFORMATION_FORMAT = "dwarf-with-dsym";
				ENABLE_NS_ASSERTIONS = NO;
				ENABLE_STRICT_OBJC_MSGSEND = YES;
				GCC_C_LANGUAGE_STANDARD = gnu11;
				GCC_NO_COMMON_BLOCKS = YES;
				GCC_WARN_64_TO_32_BIT_CONVERSION = YES;
				GCC_WARN_ABOUT_RETURN_TYPE = YES_ERROR;
				GCC_WARN_UNDECLARED_SELECTOR = YES;
				GCC_WARN_UNINITIALIZED_AUTOS = YES_AGGRESSIVE;
				GCC_WARN_UNUSED_FUNCTION = YES;
				GCC_WARN_UNUSED_VARIABLE = YES;
				MTL_ENABLE_DEBUG_INFO = NO;
				MTL_FAST_MATH = YES;
				SWIFT_COMPILATION_MODE = wholemodule;
				SWIFT_OPTIMIZATION_LEVEL = "-O";
			};
			name = Release;
		};
		3D8B64E52858EDBD006C36CE /* Debug */ = {
			isa = XCBuildConfiguration;
			buildSettings = {
				ASSETCATALOG_COMPILER_APPICON_NAME = AppIcon;
				ASSETCATALOG_COMPILER_GLOBAL_ACCENT_COLOR_NAME = AccentColor;
				CODE_SIGN_STYLE = Automatic;
				CURRENT_PROJECT_VERSION = 1;
				DEVELOPMENT_TEAM = SYJ72F7Z55;
				ENABLE_PREVIEWS = YES;
				GENERATE_INFOPLIST_FILE = YES;
				INFOPLIST_KEY_UIApplicationSceneManifest_Generation = YES;
				INFOPLIST_KEY_UIApplicationSupportsIndirectInputEvents = YES;
				INFOPLIST_KEY_UILaunchScreen_Generation = YES;
				INFOPLIST_KEY_UISupportedInterfaceOrientations_iPad = "UIInterfaceOrientationPortrait UIInterfaceOrientationPortraitUpsideDown UIInterfaceOrientationLandscapeLeft UIInterfaceOrientationLandscapeRight";
				INFOPLIST_KEY_UISupportedInterfaceOrientations_iPhone = "UIInterfaceOrientationPortrait UIInterfaceOrientationLandscapeLeft UIInterfaceOrientationLandscapeRight";
				IPHONEOS_DEPLOYMENT_TARGET = 15.5;
				LD_RUNPATH_SEARCH_PATHS = (
					"$(inherited)",
					"@executable_path/Frameworks",
				);
				MARKETING_VERSION = 1.0;
				PRODUCT_BUNDLE_IDENTIFIER = us.govango.CovidStats;
				PRODUCT_NAME = CovidStats;
				SDKROOT = iphoneos;
				SWIFT_EMIT_LOC_STRINGS = YES;
				SWIFT_VERSION = 5.0;
				TARGETED_DEVICE_FAMILY = "1,2";
			};
			name = Debug;
		};
		3D8B64E62858EDBD006C36CE /* Release */ = {
			isa = XCBuildConfiguration;
			buildSettings = {
				ASSETCATALOG_COMPILER_APPICON_NAME = AppIcon;
				ASSETCATALOG_COMPILER_GLOBAL_ACCENT_COLOR_NAME = AccentColor;
				CODE_SIGN_STYLE = Automatic;
				CURRENT_PROJECT_VERSION = 1;
				DEVELOPMENT_TEAM = SYJ72F7Z55;
				ENABLE_PREVIEWS = YES;
				GENERATE_INFOPLIST_FILE = YES;
				INFOPLIST_KEY_UIApplicationSceneManifest_Generation = YES;
				INFOPLIST_KEY_UIApplicationSupportsIndirectInputEvents = YES;
				INFOPLIST_KEY_UILaunchScreen_Generation = YES;
				INFOPLIST_KEY_UISupportedInterfaceOrientations_iPad = "UIInterfaceOrientationPortrait UIInterfaceOrientationPortraitUpsideDown UIInterfaceOrientationLandscapeLeft UIInterfaceOrientationLandscapeRight";
				INFOPLIST_KEY_UISupportedInterfaceOrientations_iPhone = "UIInterfaceOrientationPortrait UIInterfaceOrientationLandscapeLeft UIInterfaceOrientationLandscapeRight";
				IPHONEOS_DEPLOYMENT_TARGET = 15.5;
				LD_RUNPATH_SEARCH_PATHS = (
					"$(inherited)",
					"@executable_path/Frameworks",
				);
				MARKETING_VERSION = 1.0;
				PRODUCT_BUNDLE_IDENTIFIER = us.govango.CovidStats;
				PRODUCT_NAME = CovidStats;
				SDKROOT = iphoneos;
				SWIFT_EMIT_LOC_STRINGS = YES;
				SWIFT_VERSION = 5.0;
				TARGETED_DEVICE_FAMILY = "1,2";
				VALIDATE_PRODUCT = YES;
			};
			name = Release;
		};
		3D8B64E82858EDBD006C36CE /* Debug */ = {
			isa = XCBuildConfiguration;
			buildSettings = {
				ASSETCATALOG_COMPILER_APPICON_NAME = AppIcon;
				ASSETCATALOG_COMPILER_GLOBAL_ACCENT_COLOR_NAME = AccentColor;
				CODE_SIGN_ENTITLEMENTS = macOS/macOS.entitlements;
				CODE_SIGN_STYLE = Automatic;
				COMBINE_HIDPI_IMAGES = YES;
				CURRENT_PROJECT_VERSION = 1;
				DEVELOPMENT_TEAM = SYJ72F7Z55;
				ENABLE_HARDENED_RUNTIME = YES;
				ENABLE_PREVIEWS = YES;
				GENERATE_INFOPLIST_FILE = YES;
				INFOPLIST_KEY_NSHumanReadableCopyright = "";
				LD_RUNPATH_SEARCH_PATHS = (
					"$(inherited)",
					"@executable_path/../Frameworks",
				);
				MACOSX_DEPLOYMENT_TARGET = 12.3;
				MARKETING_VERSION = 1.0;
				PRODUCT_BUNDLE_IDENTIFIER = us.govango.CovidStats;
				PRODUCT_NAME = CovidStats;
				SDKROOT = macosx;
				SWIFT_EMIT_LOC_STRINGS = YES;
				SWIFT_VERSION = 5.0;
			};
			name = Debug;
		};
		3D8B64E92858EDBD006C36CE /* Release */ = {
			isa = XCBuildConfiguration;
			buildSettings = {
				ASSETCATALOG_COMPILER_APPICON_NAME = AppIcon;
				ASSETCATALOG_COMPILER_GLOBAL_ACCENT_COLOR_NAME = AccentColor;
				CODE_SIGN_ENTITLEMENTS = macOS/macOS.entitlements;
				CODE_SIGN_STYLE = Automatic;
				COMBINE_HIDPI_IMAGES = YES;
				CURRENT_PROJECT_VERSION = 1;
				DEVELOPMENT_TEAM = SYJ72F7Z55;
				ENABLE_HARDENED_RUNTIME = YES;
				ENABLE_PREVIEWS = YES;
				GENERATE_INFOPLIST_FILE = YES;
				INFOPLIST_KEY_NSHumanReadableCopyright = "";
				LD_RUNPATH_SEARCH_PATHS = (
					"$(inherited)",
					"@executable_path/../Frameworks",
				);
				MACOSX_DEPLOYMENT_TARGET = 12.3;
				MARKETING_VERSION = 1.0;
				PRODUCT_BUNDLE_IDENTIFIER = us.govango.CovidStats;
				PRODUCT_NAME = CovidStats;
				SDKROOT = macosx;
				SWIFT_EMIT_LOC_STRINGS = YES;
				SWIFT_VERSION = 5.0;
			};
			name = Release;
		};
/* End XCBuildConfiguration section */

/* Begin XCConfigurationList section */
		3D8B64CA2858EDBB006C36CE /* Build configuration list for PBXProject "CovidStats" */ = {
			isa = XCConfigurationList;
			buildConfigurations = (
				3D8B64E22858EDBD006C36CE /* Debug */,
				3D8B64E32858EDBD006C36CE /* Release */,
			);
			defaultConfigurationIsVisible = 0;
			defaultConfigurationName = Release;
		};
		3D8B64E42858EDBD006C36CE /* Build configuration list for PBXNativeTarget "CovidStats (iOS)" */ = {
			isa = XCConfigurationList;
			buildConfigurations = (
				3D8B64E52858EDBD006C36CE /* Debug */,
				3D8B64E62858EDBD006C36CE /* Release */,
			);
			defaultConfigurationIsVisible = 0;
			defaultConfigurationName = Release;
		};
		3D8B64E72858EDBD006C36CE /* Build configuration list for PBXNativeTarget "CovidStats (macOS)" */ = {
			isa = XCConfigurationList;
			buildConfigurations = (
				3D8B64E82858EDBD006C36CE /* Debug */,
				3D8B64E92858EDBD006C36CE /* Release */,
			);
			defaultConfigurationIsVisible = 0;
			defaultConfigurationName = Release;
		};
/* End XCConfigurationList section */
	};
	rootObject = 3D8B64C72858EDBB006C36CE /* Project object */;
}
